{
  "version": 4,
  "terraform_version": "1.6.3",
  "serial": 361,
  "lineage": "5b93694b-26dc-7d89-d6b2-553c2cb6774c",
  "outputs": {},
  "resources": [
    {
      "mode": "data",
      "type": "aws_ami",
      "name": "ubuntu_22_04_lts",
      "provider": "provider[\"registry.terraform.io/hashicorp/aws\"]",
      "instances": [
        {
          "schema_version": 0,
          "attributes": {
            "architecture": "x86_64",
            "arn": "arn:aws:ec2:us-east-1::image/ami-0a7d80731ae1b2435",
            "block_device_mappings": [
              {
                "device_name": "/dev/sda1",
                "ebs": {
                  "delete_on_termination": "true",
                  "encrypted": "false",
                  "iops": "0",
                  "snapshot_id": "snap-00401753cf6f4b5e3",
                  "throughput": "0",
                  "volume_size": "8",
                  "volume_type": "gp2"
                },
                "no_device": "",
                "virtual_name": ""
              },
              {
                "device_name": "/dev/sdb",
                "ebs": {},
                "no_device": "",
                "virtual_name": "ephemeral0"
              },
              {
                "device_name": "/dev/sdc",
                "ebs": {},
                "no_device": "",
                "virtual_name": "ephemeral1"
              }
            ],
            "boot_mode": "uefi-preferred",
            "creation_date": "2025-05-16T06:42:41.000Z",
            "deprecation_time": "2027-05-16T06:42:41.000Z",
            "description": "Canonical, Ubuntu, 22.04, amd64 jammy image",
            "ena_support": true,
            "executable_users": null,
            "filter": [
              {
                "name": "name",
                "values": [
                  "ubuntu/images/hvm-ssd/ubuntu-jammy-22.04-amd64-server-*"
                ]
              },
              {
                "name": "virtualization-type",
                "values": [
                  "hvm"
                ]
              }
            ],
            "hypervisor": "xen",
            "id": "ami-0a7d80731ae1b2435",
            "image_id": "ami-0a7d80731ae1b2435",
            "image_location": "amazon/ubuntu/images/hvm-ssd/ubuntu-jammy-22.04-amd64-server-20250516",
            "image_owner_alias": "amazon",
            "image_type": "machine",
            "imds_support": "",
            "include_deprecated": false,
            "kernel_id": "",
            "most_recent": true,
            "name": "ubuntu/images/hvm-ssd/ubuntu-jammy-22.04-amd64-server-20250516",
            "name_regex": null,
            "owner_id": "099720109477",
            "owners": [
              "099720109477"
            ],
            "platform": "",
            "platform_details": "Linux/UNIX",
            "product_codes": [],
            "public": true,
            "ramdisk_id": "",
            "root_device_name": "/dev/sda1",
            "root_device_type": "ebs",
            "root_snapshot_id": "snap-00401753cf6f4b5e3",
            "sriov_net_support": "simple",
            "state": "available",
            "state_reason": {
              "code": "UNSET",
              "message": "UNSET"
            },
            "tags": {},
            "timeouts": null,
            "tpm_support": "",
            "usage_operation": "RunInstances",
            "virtualization_type": "hvm"
          },
          "sensitive_attributes": []
        }
      ]
    },
    {
      "mode": "data",
      "type": "aws_caller_identity",
      "name": "current",
      "provider": "provider[\"registry.terraform.io/hashicorp/aws\"]",
      "instances": [
        {
          "schema_version": 0,
          "attributes": {
            "account_id": "902308669087",
            "arn": "arn:aws:sts::902308669087:assumed-role/voclabs/user4075417=dpoturak1@etf.unsa.ba",
            "id": "902308669087",
            "user_id": "AROA5EFOJU2PZQ6TYRJ2U:user4075417=dpoturak1@etf.unsa.ba"
          },
          "sensitive_attributes": []
        }
      ]
    },
    {
      "mode": "data",
      "type": "aws_iam_instance_profile",
      "name": "lab_instance_profile",
      "provider": "provider[\"registry.terraform.io/hashicorp/aws\"]",
      "instances": [
        {
          "schema_version": 0,
          "attributes": {
            "arn": "arn:aws:iam::902308669087:instance-profile/LabInstanceProfile",
            "create_date": "2025-05-09 12:52:07 +0000 UTC",
            "id": "AIPA5EFOJU2PVUR3ZQFTB",
            "name": "LabInstanceProfile",
            "path": "/",
            "role_arn": "arn:aws:iam::902308669087:role/LabRole",
            "role_id": "AROA5EFOJU2PVUIW3OOQ6",
            "role_name": "LabRole"
          },
          "sensitive_attributes": []
        }
      ]
    },
    {
      "mode": "data",
      "type": "aws_iam_policy_document",
      "name": "ebs_encryption_kms_key_policy",
      "provider": "provider[\"registry.terraform.io/hashicorp/aws\"]",
      "instances": [
        {
          "schema_version": 0,
          "attributes": {
            "id": "4179480472",
            "json": "{\n  \"Version\": \"2012-10-17\",\n  \"Statement\": [\n    {\n      \"Sid\": \"Allow all to root and terraform user\",\n      \"Effect\": \"Allow\",\n      \"Action\": \"kms:*\",\n      \"Resource\": \"*\",\n      \"Principal\": {\n        \"AWS\": \"arn:aws:sts::902308669087:assumed-role/voclabs/user4075417=dpoturak1@etf.unsa.ba\"\n      }\n    },\n    {\n      \"Sid\": \"Allow service-linked role use of the customer managed key\",\n      \"Effect\": \"Allow\",\n      \"Action\": [\n        \"kms:ReEncrypt*\",\n        \"kms:GenerateDataKey*\",\n        \"kms:Encrypt\",\n        \"kms:DescribeKey\",\n        \"kms:Decrypt\"\n      ],\n      \"Resource\": \"*\",\n      \"Principal\": {\n        \"AWS\": [\n          \"arn:aws:sts::902308669087:assumed-role/voclabs/user4075417=dpoturak1@etf.unsa.ba\",\n          \"arn:aws:iam::902308669087:role/aws-service-role/autoscaling.amazonaws.com/AWSServiceRoleForAutoScaling\"\n        ]\n      }\n    },\n    {\n      \"Sid\": \"Allow attachment of persistent resources\",\n      \"Effect\": \"Allow\",\n      \"Action\": \"kms:CreateGrant\",\n      \"Resource\": \"*\",\n      \"Principal\": {\n        \"AWS\": [\n          \"arn:aws:sts::902308669087:assumed-role/voclabs/user4075417=dpoturak1@etf.unsa.ba\",\n          \"arn:aws:iam::902308669087:role/aws-service-role/autoscaling.amazonaws.com/AWSServiceRoleForAutoScaling\"\n        ]\n      },\n      \"Condition\": {\n        \"Bool\": {\n          \"kms:GrantIsForAWSResource\": \"true\"\n        }\n      }\n    }\n  ]\n}",
            "override_json": null,
            "override_policy_documents": null,
            "policy_id": null,
            "source_json": null,
            "source_policy_documents": null,
            "statement": [
              {
                "actions": [
                  "kms:*"
                ],
                "condition": [],
                "effect": "Allow",
                "not_actions": [],
                "not_principals": [],
                "not_resources": [],
                "principals": [
                  {
                    "identifiers": [
                      "arn:aws:sts::902308669087:assumed-role/voclabs/user4075417=dpoturak1@etf.unsa.ba"
                    ],
                    "type": "AWS"
                  }
                ],
                "resources": [
                  "*"
                ],
                "sid": "Allow all to root and terraform user"
              },
              {
                "actions": [
                  "kms:Decrypt",
                  "kms:DescribeKey",
                  "kms:Encrypt",
                  "kms:GenerateDataKey*",
                  "kms:ReEncrypt*"
                ],
                "condition": [],
                "effect": "Allow",
                "not_actions": [],
                "not_principals": [],
                "not_resources": [],
                "principals": [
                  {
                    "identifiers": [
                      "arn:aws:iam::902308669087:role/aws-service-role/autoscaling.amazonaws.com/AWSServiceRoleForAutoScaling",
                      "arn:aws:sts::902308669087:assumed-role/voclabs/user4075417=dpoturak1@etf.unsa.ba"
                    ],
                    "type": "AWS"
                  }
                ],
                "resources": [
                  "*"
                ],
                "sid": "Allow service-linked role use of the customer managed key"
              },
              {
                "actions": [
                  "kms:CreateGrant"
                ],
                "condition": [
                  {
                    "test": "Bool",
                    "values": [
                      "true"
                    ],
                    "variable": "kms:GrantIsForAWSResource"
                  }
                ],
                "effect": "Allow",
                "not_actions": [],
                "not_principals": [],
                "not_resources": [],
                "principals": [
                  {
                    "identifiers": [
                      "arn:aws:iam::902308669087:role/aws-service-role/autoscaling.amazonaws.com/AWSServiceRoleForAutoScaling",
                      "arn:aws:sts::902308669087:assumed-role/voclabs/user4075417=dpoturak1@etf.unsa.ba"
                    ],
                    "type": "AWS"
                  }
                ],
                "resources": [
                  "*"
                ],
                "sid": "Allow attachment of persistent resources"
              }
            ],
            "version": "2012-10-17"
          },
          "sensitive_attributes": []
        }
      ]
    },
    {
      "mode": "data",
      "type": "aws_iam_role",
      "name": "lab_role",
      "provider": "provider[\"registry.terraform.io/hashicorp/aws\"]",
      "instances": [
        {
          "schema_version": 0,
          "attributes": {
            "arn": "arn:aws:iam::902308669087:role/LabRole",
            "assume_role_policy": "{\"Version\":\"2012-10-17\",\"Statement\":[{\"Effect\":\"Allow\",\"Principal\":{\"Service\":[\"logs.amazonaws.com\",\"cloud9.amazonaws.com\",\"glue.amazonaws.com\",\"eks.amazonaws.com\",\"credentials.iot.amazonaws.com\",\"cloudtrail.amazonaws.com\",\"codewhisperer.amazonaws.com\",\"ec2.amazonaws.com\",\"iot.amazonaws.com\",\"elasticbeanstalk.amazonaws.com\",\"ecs-tasks.amazonaws.com\",\"events.amazonaws.com\",\"iotevents.amazonaws.com\",\"codecommit.amazonaws.com\",\"batch.amazonaws.com\",\"scheduler.amazonaws.com\",\"states.amazonaws.com\",\"cognito-idp.amazonaws.com\",\"eks-fargate-pods.amazonaws.com\",\"pipes.amazonaws.com\",\"s3.amazonaws.com\",\"kinesis.amazonaws.com\",\"backup.amazonaws.com\",\"apigateway.amazonaws.com\",\"firehose.amazonaws.com\",\"autoscaling.amazonaws.com\",\"rds.amazonaws.com\",\"sagemaker.amazonaws.com\",\"elasticmapreduce.amazonaws.com\",\"servicecatalog.amazonaws.com\",\"resource-groups.amazonaws.com\",\"kinesisanalytics.amazonaws.com\",\"deepracer.amazonaws.com\",\"dynamodb.amazonaws.com\",\"forecast.amazonaws.com\",\"ssm.amazonaws.com\",\"lambda.amazonaws.com\",\"athena.amazonaws.com\",\"rekognition.amazonaws.com\",\"sns.amazonaws.com\",\"iotanalytics.amazonaws.com\",\"kms.amazonaws.com\",\"secretsmanager.amazonaws.com\",\"databrew.amazonaws.com\",\"sqs.amazonaws.com\",\"codedeploy.amazonaws.com\",\"ec2.application-autoscaling.amazonaws.com\",\"cloudformation.amazonaws.com\",\"redshift.amazonaws.com\",\"elasticfilesystem.amazonaws.com\",\"application-autoscaling.amazonaws.com\",\"ecs.amazonaws.com\",\"elasticloadbalancing.amazonaws.com\"],\"AWS\":\"arn:aws:iam::902308669087:role/LabRole\"},\"Action\":\"sts:AssumeRole\"}]}",
            "create_date": "2025-05-09T12:51:48Z",
            "description": "",
            "id": "LabRole",
            "max_session_duration": 3600,
            "name": "LabRole",
            "path": "/",
            "permissions_boundary": "",
            "role_last_used": [
              {
                "last_used_date": "2025-05-27T20:54:07Z",
                "region": "us-east-1"
              }
            ],
            "tags": {
              "cloudlab": "c156260a4013975l10246802t1w902308669087"
            },
            "unique_id": "AROA5EFOJU2PVUIW3OOQ6"
          },
          "sensitive_attributes": []
        }
      ]
    },
    {
      "mode": "managed",
      "type": "aws_eip",
      "name": "arm_eip",
      "provider": "provider[\"registry.terraform.io/hashicorp/aws\"]",
      "instances": [
        {
          "schema_version": 0,
          "attributes": {
            "address": null,
            "allocation_id": "eipalloc-0ca8cb945b96ed495",
            "associate_with_private_ip": null,
            "association_id": "",
            "carrier_ip": "",
            "customer_owned_ip": "",
            "customer_owned_ipv4_pool": "",
            "domain": "vpc",
            "id": "eipalloc-0ca8cb945b96ed495",
            "instance": "",
            "network_border_group": "us-east-1",
            "network_interface": "",
            "private_dns": null,
            "private_ip": "",
            "public_dns": "ec2-204-236-224-123.compute-1.amazonaws.com",
            "public_ip": "204.236.224.123",
            "public_ipv4_pool": "amazon",
            "tags": null,
            "tags_all": {
              "Project": "ARMProjekt"
            },
            "timeouts": null,
            "vpc": true
          },
          "sensitive_attributes": [],
          "private": "eyJlMmJmYjczMC1lY2FhLTExZTYtOGY4OC0zNDM2M2JjN2M0YzAiOnsiZGVsZXRlIjoxODAwMDAwMDAwMDAsInJlYWQiOjkwMDAwMDAwMDAwMCwidXBkYXRlIjozMDAwMDAwMDAwMDB9fQ=="
        }
      ]
    },
    {
      "mode": "managed",
      "type": "aws_instance",
      "name": "db_server",
      "provider": "provider[\"registry.terraform.io/hashicorp/aws\"]",
      "instances": [
        {
          "schema_version": 1,
          "attributes": {
            "ami": "ami-0a7d80731ae1b2435",
            "arn": "arn:aws:ec2:us-east-1:902308669087:instance/i-0fcf049e0c46e3657",
            "associate_public_ip_address": false,
            "availability_zone": "us-east-1f",
            "capacity_reservation_specification": [
              {
                "capacity_reservation_preference": "open",
                "capacity_reservation_target": []
              }
            ],
            "cpu_core_count": 1,
            "cpu_options": [
              {
                "amd_sev_snp": "",
                "core_count": 1,
                "threads_per_core": 1
              }
            ],
            "cpu_threads_per_core": 1,
            "credit_specification": [
              {
                "cpu_credits": "standard"
              }
            ],
            "disable_api_stop": false,
            "disable_api_termination": false,
            "ebs_block_device": [],
            "ebs_optimized": false,
            "enclave_options": [
              {
                "enabled": false
              }
            ],
            "ephemeral_block_device": [],
            "get_password_data": false,
            "hibernation": false,
            "host_id": "",
            "host_resource_group_arn": null,
            "iam_instance_profile": "",
            "id": "i-0fcf049e0c46e3657",
            "instance_initiated_shutdown_behavior": "stop",
            "instance_state": "running",
            "instance_type": "t2.micro",
            "ipv6_address_count": 0,
            "ipv6_addresses": [],
            "key_name": "ec2_key",
            "launch_template": [],
            "maintenance_options": [
              {
                "auto_recovery": "default"
              }
            ],
            "metadata_options": [
              {
                "http_endpoint": "enabled",
                "http_put_response_hop_limit": 1,
                "http_tokens": "optional",
                "instance_metadata_tags": "disabled"
              }
            ],
            "monitoring": false,
            "network_interface": [],
            "outpost_arn": "",
            "password_data": "",
            "placement_group": "",
            "placement_partition_number": 0,
            "primary_network_interface_id": "eni-080bbbbee904dda04",
            "private_dns": "ip-10-19-1-199.ec2.internal",
            "private_dns_name_options": [
              {
                "enable_resource_name_dns_a_record": false,
                "enable_resource_name_dns_aaaa_record": false,
                "hostname_type": "ip-name"
              }
            ],
            "private_ip": "10.19.1.199",
            "public_dns": "",
            "public_ip": "",
            "root_block_device": [
              {
                "delete_on_termination": true,
                "device_name": "/dev/sda1",
                "encrypted": false,
                "iops": 100,
                "kms_key_id": "",
                "tags": {},
                "throughput": 0,
                "volume_id": "vol-0a54b99e18df92be1",
                "volume_size": 8,
                "volume_type": "gp2"
              }
            ],
            "secondary_private_ips": [],
            "security_groups": [],
            "source_dest_check": true,
            "subnet_id": "subnet-0e68cf32203c7f076",
            "tags": null,
            "tags_all": {
              "Project": "ARMProjekt"
            },
            "tenancy": "default",
            "timeouts": null,
            "user_data": null,
            "user_data_base64": null,
            "user_data_replace_on_change": false,
            "volume_tags": null,
            "vpc_security_group_ids": [
              "sg-0ee2e62c781a0e196"
            ]
          },
          "sensitive_attributes": [],
          "private": "eyJlMmJmYjczMC1lY2FhLTExZTYtOGY4OC0zNDM2M2JjN2M0YzAiOnsiY3JlYXRlIjo2MDAwMDAwMDAwMDAsImRlbGV0ZSI6MTIwMDAwMDAwMDAwMCwidXBkYXRlIjo2MDAwMDAwMDAwMDB9LCJzY2hlbWFfdmVyc2lvbiI6IjEifQ==",
          "dependencies": [
            "aws_key_pair.arm_ec2_access_key",
            "aws_security_group.arm_security_group_db",
            "aws_subnet.arm_subnet_private",
            "aws_subnet.arm_subnet_public",
            "aws_vpc.arm_vpc",
            "data.aws_ami.ubuntu_22_04_lts"
          ]
        }
      ]
    },
    {
      "mode": "managed",
      "type": "aws_instance",
      "name": "web_server",
      "provider": "provider[\"registry.terraform.io/hashicorp/aws\"]",
      "instances": [
        {
          "schema_version": 1,
          "attributes": {
            "ami": "ami-0a7d80731ae1b2435",
            "arn": "arn:aws:ec2:us-east-1:902308669087:instance/i-007c837adf745c809",
            "associate_public_ip_address": true,
            "availability_zone": "us-east-1e",
            "capacity_reservation_specification": [
              {
                "capacity_reservation_preference": "open",
                "capacity_reservation_target": []
              }
            ],
            "cpu_core_count": 1,
            "cpu_options": [
              {
                "amd_sev_snp": "",
                "core_count": 1,
                "threads_per_core": 1
              }
            ],
            "cpu_threads_per_core": 1,
            "credit_specification": [
              {
                "cpu_credits": "standard"
              }
            ],
            "disable_api_stop": false,
            "disable_api_termination": false,
            "ebs_block_device": [],
            "ebs_optimized": false,
            "enclave_options": [
              {
                "enabled": false
              }
            ],
            "ephemeral_block_device": [],
            "get_password_data": false,
            "hibernation": false,
            "host_id": "",
            "host_resource_group_arn": null,
            "iam_instance_profile": "",
            "id": "i-007c837adf745c809",
            "instance_initiated_shutdown_behavior": "stop",
            "instance_state": "running",
            "instance_type": "t2.micro",
            "ipv6_address_count": 0,
            "ipv6_addresses": [],
            "key_name": "ec2_key",
            "launch_template": [],
            "maintenance_options": [
              {
                "auto_recovery": "default"
              }
            ],
            "metadata_options": [
              {
                "http_endpoint": "enabled",
                "http_put_response_hop_limit": 1,
                "http_tokens": "optional",
                "instance_metadata_tags": "disabled"
              }
            ],
            "monitoring": false,
            "network_interface": [],
            "outpost_arn": "",
            "password_data": "",
            "placement_group": "",
            "placement_partition_number": 0,
            "primary_network_interface_id": "eni-0e9d51a2504a3c266",
            "private_dns": "ip-10-19-2-57.ec2.internal",
            "private_dns_name_options": [
              {
                "enable_resource_name_dns_a_record": false,
                "enable_resource_name_dns_aaaa_record": false,
                "hostname_type": "ip-name"
              }
            ],
            "private_ip": "10.19.2.57",
            "public_dns": "ec2-3-84-237-134.compute-1.amazonaws.com",
            "public_ip": "3.84.237.134",
            "root_block_device": [
              {
                "delete_on_termination": true,
                "device_name": "/dev/sda1",
                "encrypted": false,
                "iops": 100,
                "kms_key_id": "",
                "tags": {},
                "throughput": 0,
                "volume_id": "vol-02831dae741009938",
                "volume_size": 8,
                "volume_type": "gp2"
              }
            ],
            "secondary_private_ips": [],
            "security_groups": [],
            "source_dest_check": true,
            "subnet_id": "subnet-008c2e772a39f3a82",
            "tags": null,
            "tags_all": {
              "Project": "ARMProjekt"
            },
            "tenancy": "default",
            "timeouts": null,
            "user_data": "32a3ef1843ecf50a23658cb72f1d3c52494a08f5",
            "user_data_base64": null,
            "user_data_replace_on_change": false,
            "volume_tags": null,
            "vpc_security_group_ids": [
              "sg-080dbb06be64f8291"
            ]
          },
          "sensitive_attributes": [],
          "private": "eyJlMmJmYjczMC1lY2FhLTExZTYtOGY4OC0zNDM2M2JjN2M0YzAiOnsiY3JlYXRlIjo2MDAwMDAwMDAwMDAsImRlbGV0ZSI6MTIwMDAwMDAwMDAwMCwidXBkYXRlIjo2MDAwMDAwMDAwMDB9LCJzY2hlbWFfdmVyc2lvbiI6IjEifQ==",
          "dependencies": [
            "aws_key_pair.arm_ec2_access_key",
            "aws_security_group.arm_security_group",
            "aws_subnet.arm_subnet_public",
            "aws_vpc.arm_vpc",
            "data.aws_ami.ubuntu_22_04_lts"
          ]
        }
      ]
    },
    {
      "mode": "managed",
      "type": "aws_internet_gateway",
      "name": "arm_igw",
      "provider": "provider[\"registry.terraform.io/hashicorp/aws\"]",
      "instances": [
        {
          "schema_version": 0,
          "attributes": {
            "arn": "arn:aws:ec2:us-east-1:902308669087:internet-gateway/igw-0f68f571c798870ce",
            "id": "igw-0f68f571c798870ce",
            "owner_id": "902308669087",
            "tags": null,
            "tags_all": {
              "Project": "ARMProjekt"
            },
            "timeouts": null,
            "vpc_id": "vpc-0e0030aca5b57f40c"
          },
          "sensitive_attributes": [],
          "private": "eyJlMmJmYjczMC1lY2FhLTExZTYtOGY4OC0zNDM2M2JjN2M0YzAiOnsiY3JlYXRlIjoxMjAwMDAwMDAwMDAwLCJkZWxldGUiOjEyMDAwMDAwMDAwMDAsInVwZGF0ZSI6MTIwMDAwMDAwMDAwMH19",
          "dependencies": [
            "aws_vpc.arm_vpc"
          ]
        }
      ]
    },
    {
      "mode": "managed",
      "type": "aws_key_pair",
      "name": "arm_ec2_access_key",
      "provider": "provider[\"registry.terraform.io/hashicorp/aws\"]",
      "instances": [
        {
          "schema_version": 1,
          "attributes": {
            "arn": "arn:aws:ec2:us-east-1:902308669087:key-pair/ec2_key",
            "fingerprint": "uzt1xzs4yGRalkbrrfShGBm+HntfAppgrQS/pyMzpe8=",
            "id": "ec2_key",
            "key_name": "ec2_key",
            "key_name_prefix": "",
            "key_pair_id": "key-0dd754c4df3ddd1e8",
            "key_type": "ed25519",
            "public_key": "ssh-ed25519 AAAAC3NzaC1lZDI1NTE5AAAAIG+36qjp2/AxQoyannO/fez5LxH3EF9/xe0ltX03GqMJ pc@DESKTOP-060PSOH",
            "tags": null,
            "tags_all": {
              "Project": "ARMProjekt"
            }
          },
          "sensitive_attributes": [],
          "private": "eyJzY2hlbWFfdmVyc2lvbiI6IjEifQ=="
        }
      ]
    },
    {
      "mode": "managed",
      "type": "aws_kms_key",
      "name": "ebs_encryption_key",
      "provider": "provider[\"registry.terraform.io/hashicorp/aws\"]",
      "instances": [
        {
          "schema_version": 0,
          "attributes": {
            "arn": "arn:aws:kms:us-east-1:902308669087:key/bc67d803-300b-4160-a718-2b4990b93e94",
            "bypass_policy_lockout_safety_check": false,
            "custom_key_store_id": "",
            "customer_master_key_spec": "SYMMETRIC_DEFAULT",
            "deletion_window_in_days": null,
            "description": "Encryption Key for EBS volumes",
            "enable_key_rotation": false,
            "id": "bc67d803-300b-4160-a718-2b4990b93e94",
            "is_enabled": true,
            "key_id": "bc67d803-300b-4160-a718-2b4990b93e94",
            "key_usage": "ENCRYPT_DECRYPT",
            "multi_region": false,
            "policy": "{\"Statement\":[{\"Action\":\"kms:*\",\"Effect\":\"Allow\",\"Principal\":{\"AWS\":\"arn:aws:sts::902308669087:assumed-role/voclabs/user4075417=dpoturak1@etf.unsa.ba\"},\"Resource\":\"*\",\"Sid\":\"Allow all to root and terraform user\"},{\"Action\":[\"kms:ReEncrypt*\",\"kms:GenerateDataKey*\",\"kms:Encrypt\",\"kms:DescribeKey\",\"kms:Decrypt\"],\"Effect\":\"Allow\",\"Principal\":{\"AWS\":[\"arn:aws:sts::902308669087:assumed-role/voclabs/user4075417=dpoturak1@etf.unsa.ba\",\"arn:aws:iam::902308669087:role/aws-service-role/autoscaling.amazonaws.com/AWSServiceRoleForAutoScaling\"]},\"Resource\":\"*\",\"Sid\":\"Allow service-linked role use of the customer managed key\"},{\"Action\":\"kms:CreateGrant\",\"Condition\":{\"Bool\":{\"kms:GrantIsForAWSResource\":\"true\"}},\"Effect\":\"Allow\",\"Principal\":{\"AWS\":[\"arn:aws:sts::902308669087:assumed-role/voclabs/user4075417=dpoturak1@etf.unsa.ba\",\"arn:aws:iam::902308669087:role/aws-service-role/autoscaling.amazonaws.com/AWSServiceRoleForAutoScaling\"]},\"Resource\":\"*\",\"Sid\":\"Allow attachment of persistent resources\"}],\"Version\":\"2012-10-17\"}",
            "tags": {
              "Name": "kms_key"
            },
            "tags_all": {
              "Name": "kms_key",
              "Project": "ARMProjekt"
            }
          },
          "sensitive_attributes": [],
          "private": "bnVsbA==",
          "dependencies": [
            "data.aws_caller_identity.current",
            "data.aws_iam_policy_document.ebs_encryption_kms_key_policy"
          ]
        }
      ]
    },
    {
      "mode": "managed",
      "type": "aws_nat_gateway",
      "name": "arm_nat_gateway",
      "provider": "provider[\"registry.terraform.io/hashicorp/aws\"]",
      "instances": [
        {
          "schema_version": 0,
          "attributes": {
            "allocation_id": "eipalloc-0ca8cb945b96ed495",
            "association_id": "eipassoc-0f723e8c6ff83f47a",
            "connectivity_type": "public",
            "id": "nat-0103cc08e9d471126",
            "network_interface_id": "eni-0dd144549c0f8d932",
            "private_ip": "10.19.2.251",
            "public_ip": "204.236.224.123",
            "subnet_id": "subnet-008c2e772a39f3a82",
            "tags": null,
            "tags_all": {
              "Project": "ARMProjekt"
            }
          },
          "sensitive_attributes": [],
          "private": "bnVsbA==",
          "dependencies": [
            "aws_eip.arm_eip",
            "aws_internet_gateway.arm_igw",
            "aws_subnet.arm_subnet_public",
            "aws_vpc.arm_vpc"
          ]
        }
      ]
    },
    {
      "mode": "managed",
      "type": "aws_route_table",
      "name": "arm_private_rt",
      "provider": "provider[\"registry.terraform.io/hashicorp/aws\"]",
      "instances": [
        {
          "schema_version": 0,
          "attributes": {
            "arn": "arn:aws:ec2:us-east-1:902308669087:route-table/rtb-0f068a2e07c74ba13",
            "id": "rtb-0f068a2e07c74ba13",
            "owner_id": "902308669087",
            "propagating_vgws": [],
            "route": [
              {
                "carrier_gateway_id": "",
                "cidr_block": "0.0.0.0/0",
                "core_network_arn": "",
                "destination_prefix_list_id": "",
                "egress_only_gateway_id": "",
                "gateway_id": "",
                "instance_id": "",
                "ipv6_cidr_block": "",
                "local_gateway_id": "",
                "nat_gateway_id": "nat-0103cc08e9d471126",
                "network_interface_id": "",
                "transit_gateway_id": "",
                "vpc_endpoint_id": "",
                "vpc_peering_connection_id": ""
              }
            ],
            "tags": null,
            "tags_all": {
              "Project": "ARMProjekt"
            },
            "timeouts": null,
            "vpc_id": "vpc-0e0030aca5b57f40c"
          },
          "sensitive_attributes": [],
          "private": "eyJlMmJmYjczMC1lY2FhLTExZTYtOGY4OC0zNDM2M2JjN2M0YzAiOnsiY3JlYXRlIjozMDAwMDAwMDAwMDAsImRlbGV0ZSI6MzAwMDAwMDAwMDAwLCJ1cGRhdGUiOjEyMDAwMDAwMDAwMH19",
          "dependencies": [
            "aws_eip.arm_eip",
            "aws_internet_gateway.arm_igw",
            "aws_nat_gateway.arm_nat_gateway",
            "aws_subnet.arm_subnet_public",
            "aws_vpc.arm_vpc"
          ]
        }
      ]
    },
    {
      "mode": "managed",
      "type": "aws_route_table",
      "name": "arm_public_rt",
      "provider": "provider[\"registry.terraform.io/hashicorp/aws\"]",
      "instances": [
        {
          "schema_version": 0,
          "attributes": {
            "arn": "arn:aws:ec2:us-east-1:902308669087:route-table/rtb-0c7a2a5d9c8d6d162",
            "id": "rtb-0c7a2a5d9c8d6d162",
            "owner_id": "902308669087",
            "propagating_vgws": [],
            "route": [
              {
                "carrier_gateway_id": "",
                "cidr_block": "0.0.0.0/0",
                "core_network_arn": "",
                "destination_prefix_list_id": "",
                "egress_only_gateway_id": "",
                "gateway_id": "igw-0f68f571c798870ce",
                "instance_id": "",
                "ipv6_cidr_block": "",
                "local_gateway_id": "",
                "nat_gateway_id": "",
                "network_interface_id": "",
                "transit_gateway_id": "",
                "vpc_endpoint_id": "",
                "vpc_peering_connection_id": ""
              }
            ],
            "tags": null,
            "tags_all": {
              "Project": "ARMProjekt"
            },
            "timeouts": null,
            "vpc_id": "vpc-0e0030aca5b57f40c"
          },
          "sensitive_attributes": [],
          "private": "eyJlMmJmYjczMC1lY2FhLTExZTYtOGY4OC0zNDM2M2JjN2M0YzAiOnsiY3JlYXRlIjozMDAwMDAwMDAwMDAsImRlbGV0ZSI6MzAwMDAwMDAwMDAwLCJ1cGRhdGUiOjEyMDAwMDAwMDAwMH19",
          "dependencies": [
            "aws_internet_gateway.arm_igw",
            "aws_vpc.arm_vpc"
          ]
        }
      ]
    },
    {
      "mode": "managed",
      "type": "aws_route_table_association",
      "name": "arm_rt_private_subnet",
      "provider": "provider[\"registry.terraform.io/hashicorp/aws\"]",
      "instances": [
        {
          "schema_version": 0,
          "attributes": {
            "gateway_id": "",
            "id": "rtbassoc-0ddcba67b477c5583",
            "route_table_id": "rtb-0f068a2e07c74ba13",
            "subnet_id": "subnet-0e68cf32203c7f076",
            "timeouts": null
          },
          "sensitive_attributes": [],
          "private": "eyJlMmJmYjczMC1lY2FhLTExZTYtOGY4OC0zNDM2M2JjN2M0YzAiOnsiY3JlYXRlIjozMDAwMDAwMDAwMDAsImRlbGV0ZSI6MzAwMDAwMDAwMDAwLCJ1cGRhdGUiOjEyMDAwMDAwMDAwMH19",
          "dependencies": [
            "aws_eip.arm_eip",
            "aws_internet_gateway.arm_igw",
            "aws_nat_gateway.arm_nat_gateway",
            "aws_route_table.arm_private_rt",
            "aws_subnet.arm_subnet_private",
            "aws_subnet.arm_subnet_public",
            "aws_vpc.arm_vpc"
          ]
        }
      ]
    },
    {
      "mode": "managed",
      "type": "aws_route_table_association",
      "name": "arm_rt_public_subnet",
      "provider": "provider[\"registry.terraform.io/hashicorp/aws\"]",
      "instances": [
        {
          "schema_version": 0,
          "attributes": {
            "gateway_id": "",
            "id": "rtbassoc-06738fffbfb71c6f4",
            "route_table_id": "rtb-0c7a2a5d9c8d6d162",
            "subnet_id": "subnet-008c2e772a39f3a82",
            "timeouts": null
          },
          "sensitive_attributes": [],
          "private": "eyJlMmJmYjczMC1lY2FhLTExZTYtOGY4OC0zNDM2M2JjN2M0YzAiOnsiY3JlYXRlIjozMDAwMDAwMDAwMDAsImRlbGV0ZSI6MzAwMDAwMDAwMDAwLCJ1cGRhdGUiOjEyMDAwMDAwMDAwMH19",
          "dependencies": [
            "aws_internet_gateway.arm_igw",
            "aws_route_table.arm_public_rt",
            "aws_subnet.arm_subnet_public",
            "aws_vpc.arm_vpc"
          ]
        }
      ]
    },
    {
      "mode": "managed",
      "type": "aws_security_group",
      "name": "arm_security_group",
      "provider": "provider[\"registry.terraform.io/hashicorp/aws\"]",
      "instances": [
        {
          "schema_version": 1,
          "attributes": {
            "arn": "arn:aws:ec2:us-east-1:902308669087:security-group/sg-080dbb06be64f8291",
            "description": "Security group",
            "egress": [
              {
                "cidr_blocks": [
                  "0.0.0.0/0"
                ],
                "description": "Allow all outbound traffic to anywhere",
                "from_port": 0,
                "ipv6_cidr_blocks": [],
                "prefix_list_ids": [],
                "protocol": "-1",
                "security_groups": [],
                "self": false,
                "to_port": 0
              }
            ],
            "id": "sg-080dbb06be64f8291",
            "ingress": [
              {
                "cidr_blocks": [
                  "0.0.0.0/0"
                ],
                "description": "Allow HTTP ingress",
                "from_port": 80,
                "ipv6_cidr_blocks": [],
                "prefix_list_ids": [],
                "protocol": "tcp",
                "security_groups": [],
                "self": false,
                "to_port": 80
              },
              {
                "cidr_blocks": [
                  "0.0.0.0/0"
                ],
                "description": "Allow HTTPS ingress",
                "from_port": 443,
                "ipv6_cidr_blocks": [],
                "prefix_list_ids": [],
                "protocol": "tcp",
                "security_groups": [],
                "self": false,
                "to_port": 443
              },
              {
                "cidr_blocks": [
                  "0.0.0.0/0"
                ],
                "description": "Allow SSH ingress",
                "from_port": 22,
                "ipv6_cidr_blocks": [],
                "prefix_list_ids": [],
                "protocol": "tcp",
                "security_groups": [],
                "self": false,
                "to_port": 22
              },
              {
                "cidr_blocks": [],
                "description": "Allow traffic in security group",
                "from_port": 0,
                "ipv6_cidr_blocks": [],
                "prefix_list_ids": [],
                "protocol": "-1",
                "security_groups": [],
                "self": true,
                "to_port": 0
              }
            ],
            "name": "arm_security_group",
            "name_prefix": "",
            "owner_id": "902308669087",
            "revoke_rules_on_delete": false,
            "tags": null,
            "tags_all": {
              "Project": "ARMProjekt"
            },
            "timeouts": null,
            "vpc_id": "vpc-0e0030aca5b57f40c"
          },
          "sensitive_attributes": [],
          "private": "eyJlMmJmYjczMC1lY2FhLTExZTYtOGY4OC0zNDM2M2JjN2M0YzAiOnsiY3JlYXRlIjo2MDAwMDAwMDAwMDAsImRlbGV0ZSI6OTAwMDAwMDAwMDAwfSwic2NoZW1hX3ZlcnNpb24iOiIxIn0=",
          "dependencies": [
            "aws_vpc.arm_vpc"
          ]
        }
      ]
    },
    {
      "mode": "managed",
      "type": "aws_security_group",
      "name": "arm_security_group_db",
      "provider": "provider[\"registry.terraform.io/hashicorp/aws\"]",
      "instances": [
        {
          "schema_version": 1,
          "attributes": {
            "arn": "arn:aws:ec2:us-east-1:902308669087:security-group/sg-0ee2e62c781a0e196",
            "description": "Security group for DB",
            "egress": [
              {
                "cidr_blocks": [
                  "10.19.0.0/16"
                ],
                "description": "Allow all outbound traffic to VPC",
                "from_port": 0,
                "ipv6_cidr_blocks": [],
                "prefix_list_ids": [],
                "protocol": "-1",
                "security_groups": [],
                "self": false,
                "to_port": 0
              }
            ],
            "id": "sg-0ee2e62c781a0e196",
            "ingress": [
              {
                "cidr_blocks": [
                  "0.0.0.0/0"
                ],
                "description": "Allow SSH ingress",
                "from_port": 22,
                "ipv6_cidr_blocks": [],
                "prefix_list_ids": [],
                "protocol": "tcp",
                "security_groups": [],
                "self": false,
                "to_port": 22
              },
              {
                "cidr_blocks": [
                  "10.19.2.0/24"
                ],
                "description": "Allow DB acces from server",
                "from_port": 3306,
                "ipv6_cidr_blocks": [],
                "prefix_list_ids": [],
                "protocol": "tcp",
                "security_groups": [],
                "self": false,
                "to_port": 3306
              }
            ],
            "name": "arm_security_group_db",
            "name_prefix": "",
            "owner_id": "902308669087",
            "revoke_rules_on_delete": false,
            "tags": null,
            "tags_all": {
              "Project": "ARMProjekt"
            },
            "timeouts": null,
            "vpc_id": "vpc-0e0030aca5b57f40c"
          },
          "sensitive_attributes": [],
          "private": "eyJlMmJmYjczMC1lY2FhLTExZTYtOGY4OC0zNDM2M2JjN2M0YzAiOnsiY3JlYXRlIjo2MDAwMDAwMDAwMDAsImRlbGV0ZSI6OTAwMDAwMDAwMDAwfSwic2NoZW1hX3ZlcnNpb24iOiIxIn0=",
          "dependencies": [
            "aws_subnet.arm_subnet_public",
            "aws_vpc.arm_vpc"
          ]
        }
      ]
    },
    {
      "mode": "managed",
      "type": "aws_subnet",
      "name": "arm_subnet_private",
      "provider": "provider[\"registry.terraform.io/hashicorp/aws\"]",
      "instances": [
        {
          "schema_version": 1,
          "attributes": {
            "arn": "arn:aws:ec2:us-east-1:902308669087:subnet/subnet-0e68cf32203c7f076",
            "assign_ipv6_address_on_creation": false,
            "availability_zone": "us-east-1f",
            "availability_zone_id": "use1-az5",
            "cidr_block": "10.19.1.0/24",
            "customer_owned_ipv4_pool": "",
            "enable_dns64": false,
            "enable_lni_at_device_index": 0,
            "enable_resource_name_dns_a_record_on_launch": false,
            "enable_resource_name_dns_aaaa_record_on_launch": false,
            "id": "subnet-0e68cf32203c7f076",
            "ipv6_cidr_block": "",
            "ipv6_cidr_block_association_id": "",
            "ipv6_native": false,
            "map_customer_owned_ip_on_launch": false,
            "map_public_ip_on_launch": false,
            "outpost_arn": "",
            "owner_id": "902308669087",
            "private_dns_hostname_type_on_launch": "ip-name",
            "tags": null,
            "tags_all": {
              "Project": "ARMProjekt"
            },
            "timeouts": null,
            "vpc_id": "vpc-0e0030aca5b57f40c"
          },
          "sensitive_attributes": [],
          "private": "eyJlMmJmYjczMC1lY2FhLTExZTYtOGY4OC0zNDM2M2JjN2M0YzAiOnsiY3JlYXRlIjo2MDAwMDAwMDAwMDAsImRlbGV0ZSI6MTIwMDAwMDAwMDAwMH0sInNjaGVtYV92ZXJzaW9uIjoiMSJ9",
          "dependencies": [
            "aws_vpc.arm_vpc"
          ]
        }
      ]
    },
    {
      "mode": "managed",
      "type": "aws_subnet",
      "name": "arm_subnet_public",
      "provider": "provider[\"registry.terraform.io/hashicorp/aws\"]",
      "instances": [
        {
          "schema_version": 1,
          "attributes": {
            "arn": "arn:aws:ec2:us-east-1:902308669087:subnet/subnet-008c2e772a39f3a82",
            "assign_ipv6_address_on_creation": false,
            "availability_zone": "us-east-1e",
            "availability_zone_id": "use1-az3",
            "cidr_block": "10.19.2.0/24",
            "customer_owned_ipv4_pool": "",
            "enable_dns64": false,
            "enable_lni_at_device_index": 0,
            "enable_resource_name_dns_a_record_on_launch": false,
            "enable_resource_name_dns_aaaa_record_on_launch": false,
            "id": "subnet-008c2e772a39f3a82",
            "ipv6_cidr_block": "",
            "ipv6_cidr_block_association_id": "",
            "ipv6_native": false,
            "map_customer_owned_ip_on_launch": false,
            "map_public_ip_on_launch": true,
            "outpost_arn": "",
            "owner_id": "902308669087",
            "private_dns_hostname_type_on_launch": "ip-name",
            "tags": null,
            "tags_all": {
              "Project": "ARMProjekt"
            },
            "timeouts": null,
            "vpc_id": "vpc-0e0030aca5b57f40c"
          },
          "sensitive_attributes": [],
          "private": "eyJlMmJmYjczMC1lY2FhLTExZTYtOGY4OC0zNDM2M2JjN2M0YzAiOnsiY3JlYXRlIjo2MDAwMDAwMDAwMDAsImRlbGV0ZSI6MTIwMDAwMDAwMDAwMH0sInNjaGVtYV92ZXJzaW9uIjoiMSJ9",
          "dependencies": [
            "aws_vpc.arm_vpc"
          ]
        }
      ]
    },
    {
      "mode": "managed",
      "type": "aws_vpc",
      "name": "arm_vpc",
      "provider": "provider[\"registry.terraform.io/hashicorp/aws\"]",
      "instances": [
        {
          "schema_version": 1,
          "attributes": {
            "arn": "arn:aws:ec2:us-east-1:902308669087:vpc/vpc-0e0030aca5b57f40c",
            "assign_generated_ipv6_cidr_block": false,
            "cidr_block": "10.19.0.0/16",
            "default_network_acl_id": "acl-0f6e39c589142cd54",
            "default_route_table_id": "rtb-013f6e1cf02ea418a",
            "default_security_group_id": "sg-0cf22fafe8aa7b738",
            "dhcp_options_id": "dopt-01afa91bb7abea722",
            "enable_classiclink": false,
            "enable_classiclink_dns_support": false,
            "enable_dns_hostnames": true,
            "enable_dns_support": true,
            "enable_network_address_usage_metrics": false,
            "id": "vpc-0e0030aca5b57f40c",
            "instance_tenancy": "default",
            "ipv4_ipam_pool_id": null,
            "ipv4_netmask_length": null,
            "ipv6_association_id": "",
            "ipv6_cidr_block": "",
            "ipv6_cidr_block_network_border_group": "",
            "ipv6_ipam_pool_id": "",
            "ipv6_netmask_length": 0,
            "main_route_table_id": "rtb-013f6e1cf02ea418a",
            "owner_id": "902308669087",
            "tags": null,
            "tags_all": {
              "Project": "ARMProjekt"
            }
          },
          "sensitive_attributes": [],
          "private": "eyJzY2hlbWFfdmVyc2lvbiI6IjEifQ=="
        }
      ]
    }
  ],
  "check_results": null
}
